
Microsoft Visual Studio Solution File, Format Version 12.00
# Visual Studio Version 17
VisualStudioVersion = 17.13.35825.156 d17.13
MinimumVisualStudioVersion = 10.0.40219.1
Project("{FAE04EC0-301F-11D3-BF4B-00C04F79EFBC}") = "WPF Application", "WPF Application\WPF Application.csproj", "{442A516F-0FB0-46E9-975B-46F8EA31B32F}"
EndProject
Global
	GlobalSection(SolutionConfigurationPlatforms) = preSolution
		Debug|Any CPU = Debug|Any CPU
		Release|Any CPU = Release|Any CPU
	EndGlobalSection
	GlobalSection(ProjectConfigurationPlatforms) = postSolution
		{442A516F-0FB0-46E9-975B-46F8EA31B32F}.Debug|Any CPU.ActiveCfg = Debug|Any CPU
		{442A516F-0FB0-46E9-975B-46F8EA31B32F}.Debug|Any CPU.Build.0 = Debug|Any CPU
		{442A516F-0FB0-46E9-975B-46F8EA31B32F}.Release|Any CPU.ActiveCfg = Release|Any CPU
		{442A516F-0FB0-46E9-975B-46F8EA31B32F}.Release|Any CPU.Build.0 = Release|Any CPU
	EndGlobalSection
	GlobalSection(SolutionProperties) = preSolution
		HideSolutionNode = FALSE
	EndGlobalSection
	GlobalSection(ExtensibilityGlobals) = postSolution
		SolutionGuid = {6900D01D-7DBC-4D0E-852D-4216816B77A1}
	EndGlobalSection
EndGlobal
